
Microsoft Visual Studio Solution File, Format Version 12.00
# Visual Studio Version 17
VisualStudioVersion = 17.0.31611.283
MinimumVisualStudioVersion = 10.0.40219.1
Project("{FAE04EC0-301F-11D3-BF4B-00C04F79EFBC}") = "BuddyNetworks.Roosters", "BuddyNetworks.Roosters.csproj", "{974972D8-5088-4AAF-91A8-FFEED3ED598C}"
EndProject
Project("{FAE04EC0-301F-11D3-BF4B-00C04F79EFBC}") = "BuddyNetworks.Roosters.Models", "..\BuddyNetworks.Roosters.Models\BuddyNetworks.Roosters.Models.csproj", "{ED11AAF9-0AD5-4D4B-BF0B-EDE56EBB4620}"
EndProject
Project("{FAE04EC0-301F-11D3-BF4B-00C04F79EFBC}") = "BuddyNetworks.Roosters.ViewModels", "..\BuddyNetworks.Roosters.ViewModels\BuddyNetworks.Roosters.ViewModels.csproj", "{3B3A8CF9-BA3F-4051-B2C4-A6726AEB1F49}"
EndProject
Project("{FAE04EC0-301F-11D3-BF4B-00C04F79EFBC}") = "BuddyNetworks.Roosters.CosmosClients", "..\BuddyNetworks.Roosters.CosmosClients\BuddyNetworks.Roosters.CosmosClients.csproj", "{6C4B12D0-7DAF-480B-879A-4F61C8D4273B}"
EndProject
Project("{FAE04EC0-301F-11D3-BF4B-00C04F79EFBC}") = "BuddyNetworks.Roosters.Utility", "..\BuddyNetworks.Roosters.Utility\BuddyNetworks.Roosters.Utility.csproj", "{DC1AFBE1-3253-4304-9C77-FA6B8784D478}"
EndProject
Global
	GlobalSection(SolutionConfigurationPlatforms) = preSolution
		Debug|Any CPU = Debug|Any CPU
		Release|Any CPU = Release|Any CPU
	EndGlobalSection
	GlobalSection(ProjectConfigurationPlatforms) = postSolution
		{974972D8-5088-4AAF-91A8-FFEED3ED598C}.Debug|Any CPU.ActiveCfg = Debug|Any CPU
		{974972D8-5088-4AAF-91A8-FFEED3ED598C}.Debug|Any CPU.Build.0 = Debug|Any CPU
		{974972D8-5088-4AAF-91A8-FFEED3ED598C}.Debug|Any CPU.Deploy.0 = Debug|Any CPU
		{974972D8-5088-4AAF-91A8-FFEED3ED598C}.Release|Any CPU.ActiveCfg = Release|Any CPU
		{974972D8-5088-4AAF-91A8-FFEED3ED598C}.Release|Any CPU.Build.0 = Release|Any CPU
		{974972D8-5088-4AAF-91A8-FFEED3ED598C}.Release|Any CPU.Deploy.0 = Release|Any CPU
		{ED11AAF9-0AD5-4D4B-BF0B-EDE56EBB4620}.Debug|Any CPU.ActiveCfg = Debug|Any CPU
		{ED11AAF9-0AD5-4D4B-BF0B-EDE56EBB4620}.Debug|Any CPU.Build.0 = Debug|Any CPU
		{ED11AAF9-0AD5-4D4B-BF0B-EDE56EBB4620}.Release|Any CPU.ActiveCfg = Release|Any CPU
		{ED11AAF9-0AD5-4D4B-BF0B-EDE56EBB4620}.Release|Any CPU.Build.0 = Release|Any CPU
		{3B3A8CF9-BA3F-4051-B2C4-A6726AEB1F49}.Debug|Any CPU.ActiveCfg = Debug|Any CPU
		{3B3A8CF9-BA3F-4051-B2C4-A6726AEB1F49}.Debug|Any CPU.Build.0 = Debug|Any CPU
		{3B3A8CF9-BA3F-4051-B2C4-A6726AEB1F49}.Release|Any CPU.ActiveCfg = Release|Any CPU
		{3B3A8CF9-BA3F-4051-B2C4-A6726AEB1F49}.Release|Any CPU.Build.0 = Release|Any CPU
		{6C4B12D0-7DAF-480B-879A-4F61C8D4273B}.Debug|Any CPU.ActiveCfg = Debug|Any CPU
		{6C4B12D0-7DAF-480B-879A-4F61C8D4273B}.Debug|Any CPU.Build.0 = Debug|Any CPU
		{6C4B12D0-7DAF-480B-879A-4F61C8D4273B}.Release|Any CPU.ActiveCfg = Release|Any CPU
		{6C4B12D0-7DAF-480B-879A-4F61C8D4273B}.Release|Any CPU.Build.0 = Release|Any CPU
		{DC1AFBE1-3253-4304-9C77-FA6B8784D478}.Debug|Any CPU.ActiveCfg = Debug|Any CPU
		{DC1AFBE1-3253-4304-9C77-FA6B8784D478}.Debug|Any CPU.Build.0 = Debug|Any CPU
		{DC1AFBE1-3253-4304-9C77-FA6B8784D478}.Release|Any CPU.ActiveCfg = Release|Any CPU
		{DC1AFBE1-3253-4304-9C77-FA6B8784D478}.Release|Any CPU.Build.0 = Release|Any CPU
	EndGlobalSection
	GlobalSection(SolutionProperties) = preSolution
		HideSolutionNode = FALSE
	EndGlobalSection
	GlobalSection(ExtensibilityGlobals) = postSolution
		SolutionGuid = {61F7FB11-1E47-470C-91E2-47F8143E1572}
	EndGlobalSection
EndGlobal
